hash: 7c2162a2a36a4f85ae1a914550284479ff151fb7cb8ed2120419c67ac5132d91
updated: 2017-12-08T15:49:18.579463+08:00
imports:
- name: github.com/golang/protobuf
  version: 4bd1920723d7b7c925de087aa32e2187708897f7
  subpackages:
  - proto
  - ptypes
  - ptypes/any
  - ptypes/duration
  - ptypes/timestamp
- name: golang.org/x/net
  version: 1c05540f6879653db88113bc4a2b70aec4bd491f
  subpackages:
  - context
  - http2
  - http2/hpack
  - idna
  - internal/timeseries
  - lex/httplex
  - trace
- name: golang.org/x/text
  version: b19bf474d317b857955b12035d2c5acb57ce8b01
  subpackages:
  - secure/bidirule
  - transform
  - unicode/bidi
  - unicode/norm
- name: google.golang.org/genproto
  version: 7f0da29060c682909f650ad8ed4e515bd74fa12a
  subpackages:
  - googleapis/rpc/status
- name: google.golang.org/grpc
  version: be077907e29fdb945d351e4284eb5361e7f8924e
  subpackages:
  - balancer
  - balancer/roundrobin
  - codes
  - connectivity
  - credentials
  - encoding
  - grpclb/grpc_lb_v1/messages
  - grpclog
  - internal
  - keepalive
  - metadata
  - naming
  - peer
  - resolver
  - resolver/dns
  - resolver/manual
  - resolver/passthrough
  - stats
  - status
  - tap
  - transport
testImports: []
